
Microsoft Visual Studio Solution File, Format Version 12.00
# Visual Studio 15
VisualStudioVersion = 15.0.28010.2041
MinimumVisualStudioVersion = 10.0.40219.1
Project("{8BC9CEB8-8B4A-11D0-8D11-00A0C91BC942}") = "Stack", "Stack\Stack.vcxproj", "{247490ED-799B-4F46-BEBA-ED52344F8BEC}"
EndProject
Global
	GlobalSection(SolutionConfigurationPlatforms) = preSolution
		Debug|x64 = Debug|x64
		Debug|x86 = Debug|x86
		Release|x64 = Release|x64
		Release|x86 = Release|x86
	EndGlobalSection
	GlobalSection(ProjectConfigurationPlatforms) = postSolution
		{247490ED-799B-4F46-BEBA-ED52344F8BEC}.Debug|x64.ActiveCfg = Debug|x64
		{247490ED-799B-4F46-BEBA-ED52344F8BEC}.Debug|x64.Build.0 = Debug|x64
		{247490ED-799B-4F46-BEBA-ED52344F8BEC}.Debug|x86.ActiveCfg = Debug|Win32
		{247490ED-799B-4F46-BEBA-ED52344F8BEC}.Debug|x86.Build.0 = Debug|Win32
		{247490ED-799B-4F46-BEBA-ED52344F8BEC}.Release|x64.ActiveCfg = Release|x64
		{247490ED-799B-4F46-BEBA-ED52344F8BEC}.Release|x64.Build.0 = Release|x64
		{247490ED-799B-4F46-BEBA-ED52344F8BEC}.Release|x86.ActiveCfg = Release|Win32
		{247490ED-799B-4F46-BEBA-ED52344F8BEC}.Release|x86.Build.0 = Release|Win32
	EndGlobalSection
	GlobalSection(SolutionProperties) = preSolution
		HideSolutionNode = FALSE
	EndGlobalSection
	GlobalSection(ExtensibilityGlobals) = postSolution
		SolutionGuid = {81FFD70C-6122-47ED-8088-623CF7041049}
	EndGlobalSection
EndGlobal
